
Microsoft Visual Studio Solution File, Format Version 12.00
# Visual Studio 14
VisualStudioVersion = 14.0.25420.1
MinimumVisualStudioVersion = 10.0.40219.1
Project("{2150E333-8FDC-42A3-9474-1A3956D46DE8}") = "test", "test", "{FBC4A4C1-2181-4FAC-9413-C60C31DF9359}"
EndProject
Project("{2150E333-8FDC-42A3-9474-1A3956D46DE8}") = "src", "src", "{5B56EFFF-C7C8-48DA-AC4D-7CA27A928D1F}"
EndProject
Project("{2150E333-8FDC-42A3-9474-1A3956D46DE8}") = "doc", "doc", "{D144AE02-95C7-46D1-A572-EBEE08FA4EBF}"
	ProjectSection(SolutionItems) = preProject
		doc\Back.png = doc\Back.png
		doc\Close.png = doc\Close.png
		doc\CollapseAll.png = doc\CollapseAll.png
		doc\Collapsed.png = doc\Collapsed.png
		doc\Development.md = doc\Development.md
		doc\Downloads.md = doc\Downloads.md
		doc\ExpandAll.png = doc\ExpandAll.png
		doc\Expanded.png = doc\Expanded.png
		doc\favicon.ico = doc\favicon.ico
		doc\FillNode.aspx = doc\FillNode.aspx
		doc\FillNode.php = doc\FillNode.php
		doc\Index.aspx = doc\Index.aspx
		doc\Index.html = doc\Index.html
		doc\index.php = doc\index.php
		doc\Index.png = doc\Index.png
		doc\Item.gif = doc\Item.gif
		doc\Link.png = doc\Link.png
		doc\LoadIndexKeywords.aspx = doc\LoadIndexKeywords.aspx
		doc\LoadIndexKeywords.php = doc\LoadIndexKeywords.php
		doc\Search.png = doc\Search.png
		doc\SearchHelp.aspx = doc\SearchHelp.aspx
		doc\SearchHelp.inc.php = doc\SearchHelp.inc.php
		doc\SearchHelp.php = doc\SearchHelp.php
		doc\Splitter.gif = doc\Splitter.gif
		doc\SyncTOC.png = doc\SyncTOC.png
		doc\TOC.css = doc\TOC.css
		doc\TOC.js = doc\TOC.js
		doc\Web.Config = doc\Web.Config
		doc\WebKI.xml = doc\WebKI.xml
		doc\WebTOC.xml = doc\WebTOC.xml
	EndProjectSection
EndProject
Project("{2150E333-8FDC-42A3-9474-1A3956D46DE8}") = "Solution Items", "Solution Items", "{9A7F95F1-9A0E-4F25-AA94-E0DE51528B21}"
	ProjectSection(SolutionItems) = preProject
		CHANGELOG.md = CHANGELOG.md
		data\config.json = data\config.json
		data\config.yaml = data\config.yaml
		global.json = global.json
		PipServices.Commons.nuspec = PipServices.Commons.nuspec
		README.md = README.md
	EndProjectSection
EndProject
Project("{8BB2217D-0F2D-49D1-97BC-3654ED321F3B}") = "PipServices.Commons.NetStandard16", "src\PipServices.Commons.NetStandard16\PipServices.Commons.NetStandard16.xproj", "{6D9CC0D7-45A5-4A70-A226-3D29BBD06892}"
EndProject
Project("{FAE04EC0-301F-11D3-BF4B-00C04F79EFBC}") = "PipServices.Commons.Net45", "src\PipServices.Commons.Net45\PipServices.Commons.Net45.csproj", "{C0DBD324-390F-4490-BF56-E778241D514D}"
EndProject
Project("{8BB2217D-0F2D-49D1-97BC-3654ED321F3B}") = "PipServices.Commons.NetStandard16.Test", "test\PipServices.Commons.NetStandard16.Test\PipServices.Commons.NetStandard16.Test.xproj", "{5083F30E-E533-4AF0-B5E8-26E06655AF8D}"
EndProject
Project("{FAE04EC0-301F-11D3-BF4B-00C04F79EFBC}") = "PipServices.Commons.Net45.Test", "test\PipServices.Commons.Net45.Test\PipServices.Commons.Net45.Test.csproj", "{9B5D4044-052B-47DA-B9B4-EF7089CF2D29}"
EndProject
Project("{2150E333-8FDC-42A3-9474-1A3956D46DE8}") = "html", "html", "{2961D046-D2A3-48D2-A7D0-0A3D46DF7C7E}"
	ProjectSection(SolutionItems) = preProject
		doc\html\AllMembers.T-PipServices.Commons.Auth.CredentialParams.htm = doc\html\AllMembers.T-PipServices.Commons.Auth.CredentialParams.htm
		doc\html\AllMembers.T-PipServices.Commons.Auth.CredentialResolver.htm = doc\html\AllMembers.T-PipServices.Commons.Auth.CredentialResolver.htm
		doc\html\AllMembers.T-PipServices.Commons.Auth.ICredentialStore.htm = doc\html\AllMembers.T-PipServices.Commons.Auth.ICredentialStore.htm
		doc\html\AllMembers.T-PipServices.Commons.Auth.MemoryCredentialStore.htm = doc\html\AllMembers.T-PipServices.Commons.Auth.MemoryCredentialStore.htm
		doc\html\AllMembers.T-PipServices.Commons.Build.CompositeFactory.htm = doc\html\AllMembers.T-PipServices.Commons.Build.CompositeFactory.htm
		doc\html\AllMembers.T-PipServices.Commons.Build.CreateException.htm = doc\html\AllMembers.T-PipServices.Commons.Build.CreateException.htm
		doc\html\AllMembers.T-PipServices.Commons.Build.IFactory.htm = doc\html\AllMembers.T-PipServices.Commons.Build.IFactory.htm
		doc\html\AllMembers.T-PipServices.Commons.Cache.CacheEntry.htm = doc\html\AllMembers.T-PipServices.Commons.Cache.CacheEntry.htm
		doc\html\AllMembers.T-PipServices.Commons.Cache.DefaultCacheFactory.htm = doc\html\AllMembers.T-PipServices.Commons.Cache.DefaultCacheFactory.htm
		doc\html\AllMembers.T-PipServices.Commons.Cache.ICache.htm = doc\html\AllMembers.T-PipServices.Commons.Cache.ICache.htm
		doc\html\AllMembers.T-PipServices.Commons.Cache.MemoryCache.htm = doc\html\AllMembers.T-PipServices.Commons.Cache.MemoryCache.htm
		doc\html\AllMembers.T-PipServices.Commons.Cache.NullCache.htm = doc\html\AllMembers.T-PipServices.Commons.Cache.NullCache.htm
		doc\html\AllMembers.T-PipServices.Commons.Commands.Command.htm = doc\html\AllMembers.T-PipServices.Commons.Commands.Command.htm
		doc\html\AllMembers.T-PipServices.Commons.Commands.CommandSet.htm = doc\html\AllMembers.T-PipServices.Commons.Commands.CommandSet.htm
		doc\html\AllMembers.T-PipServices.Commons.Commands.Event.htm = doc\html\AllMembers.T-PipServices.Commons.Commands.Event.htm
		doc\html\AllMembers.T-PipServices.Commons.Commands.ICommand.htm = doc\html\AllMembers.T-PipServices.Commons.Commands.ICommand.htm
		doc\html\AllMembers.T-PipServices.Commons.Commands.ICommandIntercepter.htm = doc\html\AllMembers.T-PipServices.Commons.Commands.ICommandIntercepter.htm
		doc\html\AllMembers.T-PipServices.Commons.Commands.IEvent.htm = doc\html\AllMembers.T-PipServices.Commons.Commands.IEvent.htm
		doc\html\AllMembers.T-PipServices.Commons.Commands.IEventListener.htm = doc\html\AllMembers.T-PipServices.Commons.Commands.IEventListener.htm
		doc\html\AllMembers.T-PipServices.Commons.Commands.InterceptedCommand.htm = doc\html\AllMembers.T-PipServices.Commons.Commands.InterceptedCommand.htm
		doc\html\AllMembers.T-PipServices.Commons.Config.AppSettingsConfigReader.htm = doc\html\AllMembers.T-PipServices.Commons.Config.AppSettingsConfigReader.htm
		doc\html\AllMembers.T-PipServices.Commons.Config.CachedConfigReader.htm = doc\html\AllMembers.T-PipServices.Commons.Config.CachedConfigReader.htm
		doc\html\AllMembers.T-PipServices.Commons.Config.ConfigParams.htm = doc\html\AllMembers.T-PipServices.Commons.Config.ConfigParams.htm
		doc\html\AllMembers.T-PipServices.Commons.Config.ConnectionStringsConfigReader.htm = doc\html\AllMembers.T-PipServices.Commons.Config.ConnectionStringsConfigReader.htm
		doc\html\AllMembers.T-PipServices.Commons.Config.FileConfigReader.htm = doc\html\AllMembers.T-PipServices.Commons.Config.FileConfigReader.htm
		doc\html\AllMembers.T-PipServices.Commons.Config.IConfigReader.htm = doc\html\AllMembers.T-PipServices.Commons.Config.IConfigReader.htm
		doc\html\AllMembers.T-PipServices.Commons.Config.IConfigurable.htm = doc\html\AllMembers.T-PipServices.Commons.Config.IConfigurable.htm
		doc\html\AllMembers.T-PipServices.Commons.Config.IReconfigurable.htm = doc\html\AllMembers.T-PipServices.Commons.Config.IReconfigurable.htm
		doc\html\AllMembers.T-PipServices.Commons.Config.JsonConfigReader.htm = doc\html\AllMembers.T-PipServices.Commons.Config.JsonConfigReader.htm
		doc\html\AllMembers.T-PipServices.Commons.Config.MemoryConfigReader.htm = doc\html\AllMembers.T-PipServices.Commons.Config.MemoryConfigReader.htm
		doc\html\AllMembers.T-PipServices.Commons.Config.NameResolver.htm = doc\html\AllMembers.T-PipServices.Commons.Config.NameResolver.htm
		doc\html\AllMembers.T-PipServices.Commons.Config.OptionsResolver.htm = doc\html\AllMembers.T-PipServices.Commons.Config.OptionsResolver.htm
		doc\html\AllMembers.T-PipServices.Commons.Config.YamlConfigReader.htm = doc\html\AllMembers.T-PipServices.Commons.Config.YamlConfigReader.htm
		doc\html\AllMembers.T-PipServices.Commons.Connect.ConnectionParams.htm = doc\html\AllMembers.T-PipServices.Commons.Connect.ConnectionParams.htm
		doc\html\AllMembers.T-PipServices.Commons.Connect.ConnectionResolver.htm = doc\html\AllMembers.T-PipServices.Commons.Connect.ConnectionResolver.htm
		doc\html\AllMembers.T-PipServices.Commons.Connect.IDiscovery.htm = doc\html\AllMembers.T-PipServices.Commons.Connect.IDiscovery.htm
		doc\html\AllMembers.T-PipServices.Commons.Connect.MemoryDiscovery.htm = doc\html\AllMembers.T-PipServices.Commons.Connect.MemoryDiscovery.htm
		doc\html\AllMembers.T-PipServices.Commons.Convert.ArrayConverter.htm = doc\html\AllMembers.T-PipServices.Commons.Convert.ArrayConverter.htm
		doc\html\AllMembers.T-PipServices.Commons.Convert.BooleanConverter.htm = doc\html\AllMembers.T-PipServices.Commons.Convert.BooleanConverter.htm
		doc\html\AllMembers.T-PipServices.Commons.Convert.DateTimeConverter.htm = doc\html\AllMembers.T-PipServices.Commons.Convert.DateTimeConverter.htm
		doc\html\AllMembers.T-PipServices.Commons.Convert.DecimalConverter.htm = doc\html\AllMembers.T-PipServices.Commons.Convert.DecimalConverter.htm
		doc\html\AllMembers.T-PipServices.Commons.Convert.DoubleConverter.htm = doc\html\AllMembers.T-PipServices.Commons.Convert.DoubleConverter.htm
		doc\html\AllMembers.T-PipServices.Commons.Convert.EnumConverter.htm = doc\html\AllMembers.T-PipServices.Commons.Convert.EnumConverter.htm
		doc\html\AllMembers.T-PipServices.Commons.Convert.FloatConverter.htm = doc\html\AllMembers.T-PipServices.Commons.Convert.FloatConverter.htm
		doc\html\AllMembers.T-PipServices.Commons.Convert.IntegerConverter.htm = doc\html\AllMembers.T-PipServices.Commons.Convert.IntegerConverter.htm
		doc\html\AllMembers.T-PipServices.Commons.Convert.JsonConverter.htm = doc\html\AllMembers.T-PipServices.Commons.Convert.JsonConverter.htm
		doc\html\AllMembers.T-PipServices.Commons.Convert.LongConverter.htm = doc\html\AllMembers.T-PipServices.Commons.Convert.LongConverter.htm
		doc\html\AllMembers.T-PipServices.Commons.Convert.MapConverter.htm = doc\html\AllMembers.T-PipServices.Commons.Convert.MapConverter.htm
		doc\html\AllMembers.T-PipServices.Commons.Convert.RecursiveMapConverter.htm = doc\html\AllMembers.T-PipServices.Commons.Convert.RecursiveMapConverter.htm
		doc\html\AllMembers.T-PipServices.Commons.Convert.StringConverter.htm = doc\html\AllMembers.T-PipServices.Commons.Convert.StringConverter.htm
		doc\html\AllMembers.T-PipServices.Commons.Convert.TimeSpanConverter.htm = doc\html\AllMembers.T-PipServices.Commons.Convert.TimeSpanConverter.htm
		doc\html\AllMembers.T-PipServices.Commons.Convert.TypeConverter.htm = doc\html\AllMembers.T-PipServices.Commons.Convert.TypeConverter.htm
		doc\html\AllMembers.T-PipServices.Commons.Count.CachedCounters.htm = doc\html\AllMembers.T-PipServices.Commons.Count.CachedCounters.htm
		doc\html\AllMembers.T-PipServices.Commons.Count.CompositeCounters.htm = doc\html\AllMembers.T-PipServices.Commons.Count.CompositeCounters.htm
	EndProjectSection
EndProject
Project("{2150E333-8FDC-42A3-9474-1A3956D46DE8}") = "fti", "fti", "{CB7EA533-4272-494F-BC4D-1F033D35EC78}"
	ProjectSection(SolutionItems) = preProject
		doc\fti\FTI_100.json = doc\fti\FTI_100.json
		doc\fti\FTI_101.json = doc\fti\FTI_101.json
		doc\fti\FTI_102.json = doc\fti\FTI_102.json
		doc\fti\FTI_103.json = doc\fti\FTI_103.json
		doc\fti\FTI_104.json = doc\fti\FTI_104.json
		doc\fti\FTI_105.json = doc\fti\FTI_105.json
		doc\fti\FTI_106.json = doc\fti\FTI_106.json
		doc\fti\FTI_107.json = doc\fti\FTI_107.json
		doc\fti\FTI_108.json = doc\fti\FTI_108.json
		doc\fti\FTI_109.json = doc\fti\FTI_109.json
		doc\fti\FTI_110.json = doc\fti\FTI_110.json
		doc\fti\FTI_111.json = doc\fti\FTI_111.json
		doc\fti\FTI_112.json = doc\fti\FTI_112.json
		doc\fti\FTI_113.json = doc\fti\FTI_113.json
		doc\fti\FTI_114.json = doc\fti\FTI_114.json
		doc\fti\FTI_115.json = doc\fti\FTI_115.json
		doc\fti\FTI_116.json = doc\fti\FTI_116.json
		doc\fti\FTI_117.json = doc\fti\FTI_117.json
		doc\fti\FTI_118.json = doc\fti\FTI_118.json
		doc\fti\FTI_119.json = doc\fti\FTI_119.json
		doc\fti\FTI_120.json = doc\fti\FTI_120.json
		doc\fti\FTI_121.json = doc\fti\FTI_121.json
		doc\fti\FTI_122.json = doc\fti\FTI_122.json
		doc\fti\FTI_97.json = doc\fti\FTI_97.json
		doc\fti\FTI_98.json = doc\fti\FTI_98.json
		doc\fti\FTI_99.json = doc\fti\FTI_99.json
		doc\fti\FTI_Files.json = doc\fti\FTI_Files.json
	EndProjectSection
EndProject
Project("{2150E333-8FDC-42A3-9474-1A3956D46DE8}") = "icons", "icons", "{C398B419-2218-425A-847A-F086A15EB16E}"
	ProjectSection(SolutionItems) = preProject
		doc\icons\adm.gif = doc\icons\adm.gif
		doc\icons\adm_arch.gif = doc\icons\adm_arch.gif
		doc\icons\adm_dev.gif = doc\icons\adm_dev.gif
		doc\icons\adm_dev_arch.gif = doc\icons\adm_dev_arch.gif
		doc\icons\alert_caution.gif = doc\icons\alert_caution.gif
		doc\icons\alert_note.gif = doc\icons\alert_note.gif
		doc\icons\alert_security.gif = doc\icons\alert_security.gif
		doc\icons\arch.gif = doc\icons\arch.gif
		doc\icons\big_adm.gif = doc\icons\big_adm.gif
		doc\icons\big_arch.gif = doc\icons\big_arch.gif
		doc\icons\big_dev.gif = doc\icons\big_dev.gif
		doc\icons\big_kw.gif = doc\icons\big_kw.gif
		doc\icons\box.gif = doc\icons\box.gif
		doc\icons\Caution.gif = doc\icons\Caution.gif
		doc\icons\CFW.gif = doc\icons\CFW.gif
		doc\icons\collall.gif = doc\icons\collall.gif
		doc\icons\collapse.gif = doc\icons\collapse.gif
		doc\icons\collapse_all.gif = doc\icons\collapse_all.gif
		doc\icons\CopyCode.gif = doc\icons\CopyCode.gif
		doc\icons\CopyCode_h.gif = doc\icons\CopyCode_h.gif
		doc\icons\copycodeHighlight.gif = doc\icons\copycodeHighlight.gif
		doc\icons\dev.gif = doc\icons\dev.gif
		doc\icons\dev_arch.gif = doc\icons\dev_arch.gif
		doc\icons\dropdown.gif = doc\icons\dropdown.gif
		doc\icons\dropdownHover.gif = doc\icons\dropdownHover.gif
		doc\icons\drpdown.gif = doc\icons\drpdown.gif
		doc\icons\drpdown_orange.gif = doc\icons\drpdown_orange.gif
		doc\icons\drpdown_orange_up.gif = doc\icons\drpdown_orange_up.gif
		doc\icons\drpup.gif = doc\icons\drpup.gif
		doc\icons\exp.gif = doc\icons\exp.gif
		doc\icons\expall.gif = doc\icons\expall.gif
		doc\icons\expand_all.gif = doc\icons\expand_all.gif
		doc\icons\filter1a.gif = doc\icons\filter1a.gif
		doc\icons\filter1c.gif = doc\icons\filter1c.gif
		doc\icons\footer.gif = doc\icons\footer.gif
		doc\icons\gradient.gif = doc\icons\gradient.gif
		doc\icons\greencheck.gif = doc\icons\greencheck.gif
		doc\icons\greychck.gif = doc\icons\greychck.gif
		doc\icons\header_prev_next.jpg = doc\icons\header_prev_next.jpg
		doc\icons\header_sql_tutorial_blank.jpg = doc\icons\header_sql_tutorial_blank.jpg
		doc\icons\header_sql_tutorial_logo.GIF = doc\icons\header_sql_tutorial_logo.GIF
		doc\icons\kw.gif = doc\icons\kw.gif
		doc\icons\kw_adm.gif = doc\icons\kw_adm.gif
		doc\icons\kw_adm_arch.gif = doc\icons\kw_adm_arch.gif
		doc\icons\kw_adm_dev.gif = doc\icons\kw_adm_dev.gif
		doc\icons\kw_adm_dev_arch.gif = doc\icons\kw_adm_dev_arch.gif
		doc\icons\kw_arch.gif = doc\icons\kw_arch.gif
		doc\icons\kw_dev.gif = doc\icons\kw_dev.gif
		doc\icons\kw_dev_arch.gif = doc\icons\kw_dev_arch.gif
		doc\icons\LastChild.gif = doc\icons\LastChild.gif
		doc\icons\load.gif = doc\icons\load.gif
		doc\icons\load_hover.gif = doc\icons\load_hover.gif
		doc\icons\note.gif = doc\icons\note.gif
		doc\icons\pencil.GIF = doc\icons\pencil.GIF
		doc\icons\privclass.gif = doc\icons\privclass.gif
		doc\icons\privdelegate.gif = doc\icons\privdelegate.gif
		doc\icons\privenum.gif = doc\icons\privenum.gif
		doc\icons\privenumeration.gif = doc\icons\privenumeration.gif
		doc\icons\privevent.gif = doc\icons\privevent.gif
		doc\icons\privextension.gif = doc\icons\privextension.gif
		doc\icons\privfield.gif = doc\icons\privfield.gif
		doc\icons\privinterface.gif = doc\icons\privinterface.gif
		doc\icons\privmethod.gif = doc\icons\privmethod.gif
		doc\icons\privproperty.gif = doc\icons\privproperty.gif
		doc\icons\privstructure.gif = doc\icons\privstructure.gif
		doc\icons\protclass.gif = doc\icons\protclass.gif
		doc\icons\protdelegate.gif = doc\icons\protdelegate.gif
		doc\icons\protenum.gif = doc\icons\protenum.gif
		doc\icons\protenumeration.gif = doc\icons\protenumeration.gif
		doc\icons\protevent.gif = doc\icons\protevent.gif
		doc\icons\protextension.gif = doc\icons\protextension.gif
		doc\icons\protfield.gif = doc\icons\protfield.gif
		doc\icons\protinterface.gif = doc\icons\protinterface.gif
		doc\icons\protmethod.gif = doc\icons\protmethod.gif
		doc\icons\protoperator.gif = doc\icons\protoperator.gif
		doc\icons\protproperty.gif = doc\icons\protproperty.gif
		doc\icons\protstructure.gif = doc\icons\protstructure.gif
		doc\icons\pubclass.gif = doc\icons\pubclass.gif
		doc\icons\pubdelegate.gif = doc\icons\pubdelegate.gif
		doc\icons\pubenum.gif = doc\icons\pubenum.gif
		doc\icons\pubenumeration.gif = doc\icons\pubenumeration.gif
		doc\icons\pubevent.gif = doc\icons\pubevent.gif
		doc\icons\pubextension.gif = doc\icons\pubextension.gif
		doc\icons\pubfield.gif = doc\icons\pubfield.gif
		doc\icons\pubinterface.gif = doc\icons\pubinterface.gif
		doc\icons\pubmethod.gif = doc\icons\pubmethod.gif
		doc\icons\puboperator.gif = doc\icons\puboperator.gif
		doc\icons\pubproperty.gif = doc\icons\pubproperty.gif
		doc\icons\pubstructure.gif = doc\icons\pubstructure.gif
		doc\icons\requirements1a.gif = doc\icons\requirements1a.gif
		doc\icons\requirements1c.gif = doc\icons\requirements1c.gif
		doc\icons\save.gif = doc\icons\save.gif
		doc\icons\save_hover.gif = doc\icons\save_hover.gif
		doc\icons\security.gif = doc\icons\security.gif
		doc\icons\seealso1a.gif = doc\icons\seealso1a.gif
		doc\icons\seealso1c.gif = doc\icons\seealso1c.gif
		doc\icons\slMobile.gif = doc\icons\slMobile.gif
		doc\icons\static.gif = doc\icons\static.gif
		doc\icons\xna.gif = doc\icons\xna.gif
	EndProjectSection
EndProject
Project("{2150E333-8FDC-42A3-9474-1A3956D46DE8}") = "images", "images", "{3232A320-3A05-4DCF-88A0-F2B9F68A2BD7}"
	ProjectSection(SolutionItems) = preProject
		doc\images\030c41d9079671d09a62d8e2c1db6973.gif = doc\images\030c41d9079671d09a62d8e2c1db6973.gif
		doc\images\alert_note.gif = doc\images\alert_note.gif
		doc\images\GhostDoc Community Help File watermark.gif = doc\images\GhostDoc Community Help File watermark.gif
		doc\images\lightweight_topnav.png = doc\images\lightweight_topnav.png
		doc\images\lightweight_topnav_slice.gif = doc\images\lightweight_topnav_slice.gif
		doc\images\lt_search.gif = doc\images\lt_search.gif
		doc\images\LT_tab.gif = doc\images\LT_tab.gif
		doc\images\LT_tab_white.gif = doc\images\LT_tab_white.gif
		doc\images\msdn2010branding-stripe.png = doc\images\msdn2010branding-stripe.png
		doc\images\msdn2010branding-stripe1.png = doc\images\msdn2010branding-stripe1.png
		doc\images\msg-icon.gif = doc\images\msg-icon.gif
		doc\images\msg-incoming.gif = doc\images\msg-incoming.gif
		doc\images\msg-outgoing.gif = doc\images\msg-outgoing.gif
		doc\images\rt_search.gif = doc\images\rt_search.gif
		doc\images\RT_tab.gif = doc\images\RT_tab.gif
		doc\images\RT_tab_white.gif = doc\images\RT_tab_white.gif
		doc\images\searchicon.gif = doc\images\searchicon.gif
		doc\images\slice_search.gif = doc\images\slice_search.gif
	EndProjectSection
EndProject
Project("{2150E333-8FDC-42A3-9474-1A3956D46DE8}") = "scripts", "scripts", "{71079112-70AA-408A-AD91-AE1BA823DE99}"
	ProjectSection(SolutionItems) = preProject
		doc\scripts\CheckboxMenu.js = doc\scripts\CheckboxMenu.js
		doc\scripts\CommonUtilities.js = doc\scripts\CommonUtilities.js
		doc\scripts\Dropdown.js = doc\scripts\Dropdown.js
		doc\scripts\EventUtilities.js = doc\scripts\EventUtilities.js
		doc\scripts\highlight.js = doc\scripts\highlight.js
		doc\scripts\languageSelector.js = doc\scripts\languageSelector.js
		doc\scripts\script_feedBack.js = doc\scripts\script_feedBack.js
		doc\scripts\script_manifold.js = doc\scripts\script_manifold.js
		doc\scripts\SplitScreen.js = doc\scripts\SplitScreen.js
	EndProjectSection
EndProject
Project("{2150E333-8FDC-42A3-9474-1A3956D46DE8}") = "styles", "styles", "{AACF9ED0-844B-4662-B781-B81ACD69E198}"
	ProjectSection(SolutionItems) = preProject
		doc\styles\highlight.css = doc\styles\highlight.css
		doc\styles\highlight.js = doc\styles\highlight.js
		doc\styles\lightweight.css = doc\styles\lightweight.css
		doc\styles\lightweight_gd.css = doc\styles\lightweight_gd.css
		doc\styles\lw-code.css = doc\styles\lw-code.css
		doc\styles\lw-miranda.css = doc\styles\lw-miranda.css
		doc\styles\Presentation.css = doc\styles\Presentation.css
	EndProjectSection
EndProject
Project("{2150E333-8FDC-42A3-9474-1A3956D46DE8}") = "msdn10", "msdn10", "{82C79AC5-D628-42A7-B6E5-E320485343F0}"
	ProjectSection(SolutionItems) = preProject
		doc\styles\msdn10\adart_repository.png = doc\styles\msdn10\adart_repository.png
		doc\styles\msdn10\bg.png = doc\styles\msdn10\bg.png
		doc\styles\msdn10\bg_vstudio.png = doc\styles\msdn10\bg_vstudio.png
		doc\styles\msdn10\bullet.gif = doc\styles\msdn10\bullet.gif
		doc\styles\msdn10\clear.gif = doc\styles\msdn10\clear.gif
		doc\styles\msdn10\contentpane.png = doc\styles\msdn10\contentpane.png
		doc\styles\msdn10\contentpaneleft.png = doc\styles\msdn10\contentpaneleft.png
		doc\styles\msdn10\contentpaneright.png = doc\styles\msdn10\contentpaneright.png
		doc\styles\msdn10\internav.png = doc\styles\msdn10\internav.png
		doc\styles\msdn10\Msdn10-bn20091118.css = doc\styles\msdn10\Msdn10-bn20091118.css
		doc\styles\msdn10\Msdn10_vstudio-bn20091118.css = doc\styles\msdn10\Msdn10_vstudio-bn20091118.css
		doc\styles\msdn10\mtps-bn20091118.css = doc\styles\msdn10\mtps-bn20091118.css
		doc\styles\msdn10\subnav_vstudio.png = doc\styles\msdn10\subnav_vstudio.png
	EndProjectSection
EndProject
Project("{2150E333-8FDC-42A3-9474-1A3956D46DE8}") = "Whidbey", "Whidbey", "{F37AA82A-C966-4516-8CDE-BD551E5C1673}"
	ProjectSection(SolutionItems) = preProject
		doc\styles\Whidbey\presentation.css = doc\styles\Whidbey\presentation.css
	EndProjectSection
EndProject
Global
	GlobalSection(SolutionConfigurationPlatforms) = preSolution
		Debug|Any CPU = Debug|Any CPU
		Release|Any CPU = Release|Any CPU
	EndGlobalSection
	GlobalSection(ProjectConfigurationPlatforms) = postSolution
		{6D9CC0D7-45A5-4A70-A226-3D29BBD06892}.Debug|Any CPU.ActiveCfg = Debug|Any CPU
		{6D9CC0D7-45A5-4A70-A226-3D29BBD06892}.Debug|Any CPU.Build.0 = Debug|Any CPU
		{6D9CC0D7-45A5-4A70-A226-3D29BBD06892}.Release|Any CPU.ActiveCfg = Release|Any CPU
		{6D9CC0D7-45A5-4A70-A226-3D29BBD06892}.Release|Any CPU.Build.0 = Release|Any CPU
		{C0DBD324-390F-4490-BF56-E778241D514D}.Debug|Any CPU.ActiveCfg = Debug|Any CPU
		{C0DBD324-390F-4490-BF56-E778241D514D}.Debug|Any CPU.Build.0 = Debug|Any CPU
		{C0DBD324-390F-4490-BF56-E778241D514D}.Release|Any CPU.ActiveCfg = Release|Any CPU
		{C0DBD324-390F-4490-BF56-E778241D514D}.Release|Any CPU.Build.0 = Release|Any CPU
		{5083F30E-E533-4AF0-B5E8-26E06655AF8D}.Debug|Any CPU.ActiveCfg = Debug|Any CPU
		{5083F30E-E533-4AF0-B5E8-26E06655AF8D}.Debug|Any CPU.Build.0 = Debug|Any CPU
		{5083F30E-E533-4AF0-B5E8-26E06655AF8D}.Release|Any CPU.ActiveCfg = Release|Any CPU
		{5083F30E-E533-4AF0-B5E8-26E06655AF8D}.Release|Any CPU.Build.0 = Release|Any CPU
		{9B5D4044-052B-47DA-B9B4-EF7089CF2D29}.Debug|Any CPU.ActiveCfg = Debug|Any CPU
		{9B5D4044-052B-47DA-B9B4-EF7089CF2D29}.Debug|Any CPU.Build.0 = Debug|Any CPU
		{9B5D4044-052B-47DA-B9B4-EF7089CF2D29}.Release|Any CPU.ActiveCfg = Release|Any CPU
		{9B5D4044-052B-47DA-B9B4-EF7089CF2D29}.Release|Any CPU.Build.0 = Release|Any CPU
	EndGlobalSection
	GlobalSection(SolutionProperties) = preSolution
		HideSolutionNode = FALSE
	EndGlobalSection
	GlobalSection(NestedProjects) = preSolution
		{6D9CC0D7-45A5-4A70-A226-3D29BBD06892} = {5B56EFFF-C7C8-48DA-AC4D-7CA27A928D1F}
		{C0DBD324-390F-4490-BF56-E778241D514D} = {5B56EFFF-C7C8-48DA-AC4D-7CA27A928D1F}
		{5083F30E-E533-4AF0-B5E8-26E06655AF8D} = {FBC4A4C1-2181-4FAC-9413-C60C31DF9359}
		{9B5D4044-052B-47DA-B9B4-EF7089CF2D29} = {FBC4A4C1-2181-4FAC-9413-C60C31DF9359}
		{2961D046-D2A3-48D2-A7D0-0A3D46DF7C7E} = {D144AE02-95C7-46D1-A572-EBEE08FA4EBF}
		{CB7EA533-4272-494F-BC4D-1F033D35EC78} = {D144AE02-95C7-46D1-A572-EBEE08FA4EBF}
		{C398B419-2218-425A-847A-F086A15EB16E} = {D144AE02-95C7-46D1-A572-EBEE08FA4EBF}
		{3232A320-3A05-4DCF-88A0-F2B9F68A2BD7} = {D144AE02-95C7-46D1-A572-EBEE08FA4EBF}
		{71079112-70AA-408A-AD91-AE1BA823DE99} = {D144AE02-95C7-46D1-A572-EBEE08FA4EBF}
		{AACF9ED0-844B-4662-B781-B81ACD69E198} = {D144AE02-95C7-46D1-A572-EBEE08FA4EBF}
		{82C79AC5-D628-42A7-B6E5-E320485343F0} = {AACF9ED0-844B-4662-B781-B81ACD69E198}
		{F37AA82A-C966-4516-8CDE-BD551E5C1673} = {AACF9ED0-844B-4662-B781-B81ACD69E198}
	EndGlobalSection
EndGlobal
